
Microsoft Visual Studio Solution File, Format Version 12.00
# Visual Studio Version 17
VisualStudioVersion = 17.5.33516.290
MinimumVisualStudioVersion = 10.0.40219.1
Project("{FAE04EC0-301F-11D3-BF4B-00C04F79EFBC}") = "ActivityTrackerAPI", "ActivityTrackerAPI\ActivityTrackerAPI.csproj", "{A4C5239B-7369-4811-B0BB-AFFEEE8DFB6D}"
EndProject
Global
	GlobalSection(SolutionConfigurationPlatforms) = preSolution
		Debug|Any CPU = Debug|Any CPU
		Release|Any CPU = Release|Any CPU
	EndGlobalSection
	GlobalSection(ProjectConfigurationPlatforms) = postSolution
		{A4C5239B-7369-4811-B0BB-AFFEEE8DFB6D}.Debug|Any CPU.ActiveCfg = Debug|Any CPU
		{A4C5239B-7369-4811-B0BB-AFFEEE8DFB6D}.Debug|Any CPU.Build.0 = Debug|Any CPU
		{A4C5239B-7369-4811-B0BB-AFFEEE8DFB6D}.Release|Any CPU.ActiveCfg = Release|Any CPU
		{A4C5239B-7369-4811-B0BB-AFFEEE8DFB6D}.Release|Any CPU.Build.0 = Release|Any CPU
	EndGlobalSection
	GlobalSection(SolutionProperties) = preSolution
		HideSolutionNode = FALSE
	EndGlobalSection
	GlobalSection(ExtensibilityGlobals) = postSolution
		SolutionGuid = {ECF8A28A-B89E-4C51-893A-41D8628B978B}
	EndGlobalSection
EndGlobal
